// !$*UTF8*$!
{
	archiveVersion = 1;
	classes = {
	};
	objectVersion = 46;
	objects = {

/* Begin PBXBuildFile section */
		7B0D15971EE013A5007DD4BE /* ItemDetailViewController.swift in Sources */ = {isa = PBXBuildFile; fileRef = 7B0D15961EE013A5007DD4BE /* ItemDetailViewController.swift */; };
		7B464CBF1EE949DC00C1BDC5 /* ListDetailViewController.swift in Sources */ = {isa = PBXBuildFile; fileRef = 7B464CBE1EE949DC00C1BDC5 /* ListDetailViewController.swift */; };
		7B474F011EDEC47E00CB5054 /* ChecklistItem.swift in Sources */ = {isa = PBXBuildFile; fileRef = 7B474F001EDEC47E00CB5054 /* ChecklistItem.swift */; };
		7BB58ECD1ED6AB820012C86D /* AppDelegate.swift in Sources */ = {isa = PBXBuildFile; fileRef = 7BB58ECC1ED6AB820012C86D /* AppDelegate.swift */; };
		7BB58ECF1ED6AB820012C86D /* ChecklistViewController.swift in Sources */ = {isa = PBXBuildFile; fileRef = 7BB58ECE1ED6AB820012C86D /* ChecklistViewController.swift */; };
		7BB58ED21ED6AB820012C86D /* Main.storyboard in Resources */ = {isa = PBXBuildFile; fileRef = 7BB58ED01ED6AB820012C86D /* Main.storyboard */; };
		7BB58ED41ED6AB820012C86D /* Assets.xcassets in Resources */ = {isa = PBXBuildFile; fileRef = 7BB58ED31ED6AB820012C86D /* Assets.xcassets */; };
		7BB58ED71ED6AB820012C86D /* LaunchScreen.storyboard in Resources */ = {isa = PBXBuildFile; fileRef = 7BB58ED51ED6AB820012C86D /* LaunchScreen.storyboard */; };
		7BE0AED51EEC205C006741C9 /* DataModel.swift in Sources */ = {isa = PBXBuildFile; fileRef = 7BE0AED41EEC205C006741C9 /* DataModel.swift */; };
		7BE5B5CD1EE8470C008BBEF3 /* AllListsViewController.swift in Sources */ = {isa = PBXBuildFile; fileRef = 7BE5B5CC1EE8470C008BBEF3 /* AllListsViewController.swift */; };
		7BE5B5CF1EE85A91008BBEF3 /* Checklist.swift in Sources */ = {isa = PBXBuildFile; fileRef = 7BE5B5CE1EE85A91008BBEF3 /* Checklist.swift */; };
/* End PBXBuildFile section */

/* Begin PBXFileReference section */
		7B0D15961EE013A5007DD4BE /* ItemDetailViewController.swift */ = {isa = PBXFileReference; fileEncoding = 4; lastKnownFileType = sourcecode.swift; lineEnding = 0; path = ItemDetailViewController.swift; sourceTree = "<group>"; xcLanguageSpecificationIdentifier = xcode.lang.swift; };
		7B464CBE1EE949DC00C1BDC5 /* ListDetailViewController.swift */ = {isa = PBXFileReference; fileEncoding = 4; lastKnownFileType = sourcecode.swift; path = ListDetailViewController.swift; sourceTree = "<group>"; };
		7B474F001EDEC47E00CB5054 /* ChecklistItem.swift */ = {isa = PBXFileReference; fileEncoding = 4; lastKnownFileType = sourcecode.swift; path = ChecklistItem.swift; sourceTree = "<group>"; };
		7BB58EC91ED6AB820012C86D /* Checklists.app */ = {isa = PBXFileReference; explicitFileType = wrapper.application; includeInIndex = 0; path = Checklists.app; sourceTree = BUILT_PRODUCTS_DIR; };
		7BB58ECC1ED6AB820012C86D /* AppDelegate.swift */ = {isa = PBXFileReference; lastKnownFileType = sourcecode.swift; path = AppDelegate.swift; sourceTree = "<group>"; };
		7BB58ECE1ED6AB820012C86D /* ChecklistViewController.swift */ = {isa = PBXFileReference; lastKnownFileType = sourcecode.swift; lineEnding = 0; path = ChecklistViewController.swift; sourceTree = "<group>"; xcLanguageSpecificationIdentifier = xcode.lang.swift; };
		7BB58ED11ED6AB820012C86D /* Base */ = {isa = PBXFileReference; lastKnownFileType = file.storyboard; name = Base; path = Base.lproj/Main.storyboard; sourceTree = "<group>"; };
		7BB58ED31ED6AB820012C86D /* Assets.xcassets */ = {isa = PBXFileReference; lastKnownFileType = folder.assetcatalog; path = Assets.xcassets; sourceTree = "<group>"; };
		7BB58ED61ED6AB820012C86D /* Base */ = {isa = PBXFileReference; lastKnownFileType = file.storyboard; name = Base; path = Base.lproj/LaunchScreen.storyboard; sourceTree = "<group>"; };
		7BB58ED81ED6AB820012C86D /* Info.plist */ = {isa = PBXFileReference; lastKnownFileType = text.plist.xml; path = Info.plist; sourceTree = "<group>"; };
		7BE0AED41EEC205C006741C9 /* DataModel.swift */ = {isa = PBXFileReference; fileEncoding = 4; lastKnownFileType = sourcecode.swift; path = DataModel.swift; sourceTree = "<group>"; };
		7BE5B5CC1EE8470C008BBEF3 /* AllListsViewController.swift */ = {isa = PBXFileReference; fileEncoding = 4; lastKnownFileType = sourcecode.swift; path = AllListsViewController.swift; sourceTree = "<group>"; };
		7BE5B5CE1EE85A91008BBEF3 /* Checklist.swift */ = {isa = PBXFileReference; fileEncoding = 4; lastKnownFileType = sourcecode.swift; path = Checklist.swift; sourceTree = "<group>"; };
/* End PBXFileReference section */

/* Begin PBXFrameworksBuildPhase section */
		7BB58EC61ED6AB820012C86D /* Frameworks */ = {
			isa = PBXFrameworksBuildPhase;
			buildActionMask = 2147483647;
			files = (
			);
			runOnlyForDeploymentPostprocessing = 0;
		};
/* End PBXFrameworksBuildPhase section */

/* Begin PBXGroup section */
		7BB58EC01ED6AB820012C86D = {
			isa = PBXGroup;
			children = (
				7BB58ECB1ED6AB820012C86D /* Checklists */,
				7BB58ECA1ED6AB820012C86D /* Products */,
			);
			sourceTree = "<group>";
		};
		7BB58ECA1ED6AB820012C86D /* Products */ = {
			isa = PBXGroup;
			children = (
				7BB58EC91ED6AB820012C86D /* Checklists.app */,
			);
			name = Products;
			sourceTree = "<group>";
		};
		7BB58ECB1ED6AB820012C86D /* Checklists */ = {
			isa = PBXGroup;
			children = (
				7BB58ECC1ED6AB820012C86D /* AppDelegate.swift */,
				7BB58ECE1ED6AB820012C86D /* ChecklistViewController.swift */,
				7BB58ED01ED6AB820012C86D /* Main.storyboard */,
				7BB58ED31ED6AB820012C86D /* Assets.xcassets */,
				7BB58ED51ED6AB820012C86D /* LaunchScreen.storyboard */,
				7BB58ED81ED6AB820012C86D /* Info.plist */,
				7B474F001EDEC47E00CB5054 /* ChecklistItem.swift */,
				7B0D15961EE013A5007DD4BE /* ItemDetailViewController.swift */,
				7BE5B5CC1EE8470C008BBEF3 /* AllListsViewController.swift */,
				7BE5B5CE1EE85A91008BBEF3 /* Checklist.swift */,
				7B464CBE1EE949DC00C1BDC5 /* ListDetailViewController.swift */,
				7BE0AED41EEC205C006741C9 /* DataModel.swift */,
			);
			path = Checklists;
			sourceTree = "<group>";
		};
/* End PBXGroup section */

/* Begin PBXNativeTarget section */
		7BB58EC81ED6AB820012C86D /* Checklists */ = {
			isa = PBXNativeTarget;
			buildConfigurationList = 7BB58EDB1ED6AB820012C86D /* Build configuration list for PBXNativeTarget "Checklists" */;
			buildPhases = (
				7BB58EC51ED6AB820012C86D /* Sources */,
				7BB58EC61ED6AB820012C86D /* Frameworks */,
				7BB58EC71ED6AB820012C86D /* Resources */,
			);
			buildRules = (
			);
			dependencies = (
			);
			name = Checklists;
			productName = Checklists;
			productReference = 7BB58EC91ED6AB820012C86D /* Checklists.app */;
			productType = "com.apple.product-type.application";
		};
/* End PBXNativeTarget section */

/* Begin PBXProject section */
		7BB58EC11ED6AB820012C86D /* Project object */ = {
			isa = PBXProject;
			attributes = {
				LastSwiftUpdateCheck = 0810;
				LastUpgradeCheck = 0810;
				ORGANIZATIONNAME = "Silver Chu";
				TargetAttributes = {
					7BB58EC81ED6AB820012C86D = {
						CreatedOnToolsVersion = 8.1;
						ProvisioningStyle = Automatic;
					};
				};
			};
			buildConfigurationList = 7BB58EC41ED6AB820012C86D /* Build configuration list for PBXProject "Checklists" */;
			compatibilityVersion = "Xcode 3.2";
			developmentRegion = English;
			hasScannedForEncodings = 0;
			knownRegions = (
				en,
				Base,
			);
			mainGroup = 7BB58EC01ED6AB820012C86D;
			productRefGroup = 7BB58ECA1ED6AB820012C86D /* Products */;
			projectDirPath = "";
			projectRoot = "";
			targets = (
				7BB58EC81ED6AB820012C86D /* Checklists */,
			);
		};
/* End PBXProject section */

/* Begin PBXResourcesBuildPhase section */
		7BB58EC71ED6AB820012C86D /* Resources */ = {
			isa = PBXResourcesBuildPhase;
			buildActionMask = 2147483647;
			files = (
				7BB58ED71ED6AB820012C86D /* LaunchScreen.storyboard in Resources */,
				7BB58ED41ED6AB820012C86D /* Assets.xcassets in Resources */,
				7BB58ED21ED6AB820012C86D /* Main.storyboard in Resources */,
			);
			runOnlyForDeploymentPostprocessing = 0;
		};
/* End PBXResourcesBuildPhase section */

/* Begin PBXSourcesBuildPhase section */
		7BB58EC51ED6AB820012C86D /* Sources */ = {
			isa = PBXSourcesBuildPhase;
			buildActionMask = 2147483647;
			files = (
				7BB58ECF1ED6AB820012C86D /* ChecklistViewController.swift in Sources */,
				7B464CBF1EE949DC00C1BDC5 /* ListDetailViewController.swift in Sources */,
				7B0D15971EE013A5007DD4BE /* ItemDetailViewController.swift in Sources */,
				7BE5B5CF1EE85A91008BBEF3 /* Checklist.swift in Sources */,
				7B474F011EDEC47E00CB5054 /* ChecklistItem.swift in Sources */,
				7BE0AED51EEC205C006741C9 /* DataModel.swift in Sources */,
				7BE5B5CD1EE8470C008BBEF3 /* AllListsViewController.swift in Sources */,
				7BB58ECD1ED6AB820012C86D /* AppDelegate.swift in Sources */,
			);
			runOnlyForDeploymentPostprocessing = 0;
		};
/* End PBXSourcesBuildPhase section */

/* Begin PBXVariantGroup section */
		7BB58ED01ED6AB820012C86D /* Main.storyboard */ = {
			isa = PBXVariantGroup;
			children = (
				7BB58ED11ED6AB820012C86D /* Base */,
			);
			name = Main.storyboard;
			sourceTree = "<group>";
		};
		7BB58ED51ED6AB820012C86D /* LaunchScreen.storyboard */ = {
			isa = PBXVariantGroup;
			children = (
				7BB58ED61ED6AB820012C86D /* Base */,
			);
			name = LaunchScreen.storyboard;
			sourceTree = "<group>";
		};
/* End PBXVariantGroup section */

/* Begin XCBuildConfiguration section */
		7BB58ED91ED6AB820012C86D /* Debug */ = {
			isa = XCBuildConfiguration;
			buildSettings = {
				ALWAYS_SEARCH_USER_PATHS = NO;
				CLANG_ANALYZER_NONNULL = YES;
				CLANG_CXX_LANGUAGE_STANDARD = "gnu++0x";
				CLANG_CXX_LIBRARY = "libc++";
				CLANG_ENABLE_MODULES = YES;
				CLANG_ENABLE_OBJC_ARC = YES;
				CLANG_WARN_BOOL_CONVERSION = YES;
				CLANG_WARN_CONSTANT_CONVERSION = YES;
				CLANG_WARN_DIRECT_OBJC_ISA_USAGE = YES_ERROR;
				CLANG_WARN_DOCUMENTATION_COMMENTS = YES;
				CLANG_WARN_EMPTY_BODY = YES;
				CLANG_WARN_ENUM_CONVERSION = YES;
				CLANG_WARN_INFINITE_RECURSION = YES;
				CLANG_WARN_INT_CONVERSION = YES;
				CLANG_WARN_OBJC_ROOT_CLASS = YES_ERROR;
				CLANG_WARN_SUSPICIOUS_MOVES = YES;
				CLANG_WARN_UNREACHABLE_CODE = YES;
				CLANG_WARN__DUPLICATE_METHOD_MATCH = YES;
				"CODE_SIGN_IDENTITY[sdk=iphoneos*]" = "iPhone Developer";
				COPY_PHASE_STRIP = NO;
				DEBUG_INFORMATION_FORMAT = dwarf;
				ENABLE_STRICT_OBJC_MSGSEND = YES;
				ENABLE_TESTABILITY = YES;
				GCC_C_LANGUAGE_STANDARD = gnu99;
				GCC_DYNAMIC_NO_PIC = NO;
				GCC_NO_COMMON_BLOCKS = YES;
				GCC_OPTIMIZATION_LEVEL = 0;
				GCC_PREPROCESSOR_DEFINITIONS = (
					"DEBUG=1",
					"$(inherited)",
				);
				GCC_WARN_64_TO_32_BIT_CONVERSION = YES;
				GCC_WARN_ABOUT_RETURN_TYPE = YES_ERROR;
				GCC_WARN_UNDECLARED_SELECTOR = YES;
				GCC_WARN_UNINITIALIZED_AUTOS = YES_AGGRESSIVE;
				GCC_WARN_UNUSED_FUNCTION = YES;
				GCC_WARN_UNUSED_VARIABLE = YES;
				IPHONEOS_DEPLOYMENT_TARGET = 10.1;
				MTL_ENABLE_DEBUG_INFO = YES;
				ONLY_ACTIVE_ARCH = YES;
				SDKROOT = iphoneos;
				SWIFT_ACTIVE_COMPILATION_CONDITIONS = DEBUG;
				SWIFT_OPTIMIZATION_LEVEL = "-Onone";
			};
			name = Debug;
		};
		7BB58EDA1ED6AB820012C86D /* Release */ = {
			isa = XCBuildConfiguration;
			buildSettings = {
				ALWAYS_SEARCH_USER_PATHS = NO;
				CLANG_ANALYZER_NONNULL = YES;
				CLANG_CXX_LANGUAGE_STANDARD = "gnu++0x";
				CLANG_CXX_LIBRARY = "libc++";
				CLANG_ENABLE_MODULES = YES;
				CLANG_ENABLE_OBJC_ARC = YES;
				CLANG_WARN_BOOL_CONVERSION = YES;
				CLANG_WARN_CONSTANT_CONVERSION = YES;
				CLANG_WARN_DIRECT_OBJC_ISA_USAGE = YES_ERROR;
				CLANG_WARN_DOCUMENTATION_COMMENTS = YES;
				CLANG_WARN_EMPTY_BODY = YES;
				CLANG_WARN_ENUM_CONVERSION = YES;
				CLANG_WARN_INFINITE_RECURSION = YES;
				CLANG_WARN_INT_CONVERSION = YES;
				CLANG_WARN_OBJC_ROOT_CLASS = YES_ERROR;
				CLANG_WARN_SUSPICIOUS_MOVES = YES;
				CLANG_WARN_UNREACHABLE_CODE = YES;
				CLANG_WARN__DUPLICATE_METHOD_MATCH = YES;
				"CODE_SIGN_IDENTITY[sdk=iphoneos*]" = "iPhone Developer";
				COPY_PHASE_STRIP = NO;
				DEBUG_INFORMATION_FORMAT = "dwarf-with-dsym";
				ENABLE_NS_ASSERTIONS = NO;
				ENABLE_STRICT_OBJC_MSGSEND = YES;
				GCC_C_LANGUAGE_STANDARD = gnu99;
				GCC_NO_COMMON_BLOCKS = YES;
				GCC_WARN_64_TO_32_BIT_CONVERSION = YES;
				GCC_WARN_ABOUT_RETURN_TYPE = YES_ERROR;
				GCC_WARN_UNDECLARED_SELECTOR = YES;
				GCC_WARN_UNINITIALIZED_AUTOS = YES_AGGRESSIVE;
				GCC_WARN_UNUSED_FUNCTION = YES;
				GCC_WARN_UNUSED_VARIABLE = YES;
				IPHONEOS_DEPLOYMENT_TARGET = 10.1;
				MTL_ENABLE_DEBUG_INFO = NO;
				SDKROOT = iphoneos;
				SWIFT_OPTIMIZATION_LEVEL = "-Owholemodule";
				VALIDATE_PRODUCT = YES;
			};
			name = Release;
		};
		7BB58EDC1ED6AB820012C86D /* Debug */ = {
			isa = XCBuildConfiguration;
			buildSettings = {
				ASSETCATALOG_COMPILER_APPICON_NAME = AppIcon;
				"CODE_SIGN_IDENTITY[sdk=iphoneos*]" = "iPhone Developer";
				DEVELOPMENT_TEAM = "";
				INFOPLIST_FILE = Checklists/Info.plist;
				LD_RUNPATH_SEARCH_PATHS = "$(inherited) @executable_path/Frameworks";
				PRODUCT_BUNDLE_IDENTIFIER = com.silverchu.Checklists;
				PRODUCT_NAME = "$(TARGET_NAME)";
				SWIFT_VERSION = 3.0;
			};
			name = Debug;
		};
		7BB58EDD1ED6AB820012C86D /* Release */ = {
			isa = XCBuildConfiguration;
			buildSettings = {
				ASSETCATALOG_COMPILER_APPICON_NAME = AppIcon;
				"CODE_SIGN_IDENTITY[sdk=iphoneos*]" = "iPhone Developer";
				DEVELOPMENT_TEAM = "";
				INFOPLIST_FILE = Checklists/Info.plist;
				LD_RUNPATH_SEARCH_PATHS = "$(inherited) @executable_path/Frameworks";
				PRODUCT_BUNDLE_IDENTIFIER = com.silverchu.Checklists;
				PRODUCT_NAME = "$(TARGET_NAME)";
				SWIFT_VERSION = 3.0;
			};
			name = Release;
		};
/* End XCBuildConfiguration section */

/* Begin XCConfigurationList section */
		7BB58EC41ED6AB820012C86D /* Build configuration list for PBXProject "Checklists" */ = {
			isa = XCConfigurationList;
			buildConfigurations = (
				7BB58ED91ED6AB820012C86D /* Debug */,
				7BB58EDA1ED6AB820012C86D /* Release */,
			);
			defaultConfigurationIsVisible = 0;
			defaultConfigurationName = Release;
		};
		7BB58EDB1ED6AB820012C86D /* Build configuration list for PBXNativeTarget "Checklists" */ = {
			isa = XCConfigurationList;
			buildConfigurations = (
				7BB58EDC1ED6AB820012C86D /* Debug */,
				7BB58EDD1ED6AB820012C86D /* Release */,
			);
			defaultConfigurationIsVisible = 0;
			defaultConfigurationName = Release;
		};
/* End XCConfigurationList section */
	};
	rootObject = 7BB58EC11ED6AB820012C86D /* Project object */;
}
